
Microsoft Visual Studio Solution File, Format Version 12.00
# Visual Studio Version 17
VisualStudioVersion = 17.5.33530.505
MinimumVisualStudioVersion = 10.0.40219.1
Project("{8BC9CEB8-8B4A-11D0-8D11-00A0C91BC942}") = "P03Luna", "P03Luna.vcxproj", "{CF7DE2FF-EE17-415F-AD9E-C87A5CF4C538}"
EndProject
Global
	GlobalSection(SolutionConfigurationPlatforms) = preSolution
		Debug|x64 = Debug|x64
		Debug|x86 = Debug|x86
		Release|x64 = Release|x64
		Release|x86 = Release|x86
	EndGlobalSection
	GlobalSection(ProjectConfigurationPlatforms) = postSolution
		{CF7DE2FF-EE17-415F-AD9E-C87A5CF4C538}.Debug|x64.ActiveCfg = Debug|x64
		{CF7DE2FF-EE17-415F-AD9E-C87A5CF4C538}.Debug|x64.Build.0 = Debug|x64
		{CF7DE2FF-EE17-415F-AD9E-C87A5CF4C538}.Debug|x86.ActiveCfg = Debug|Win32
		{CF7DE2FF-EE17-415F-AD9E-C87A5CF4C538}.Debug|x86.Build.0 = Debug|Win32
		{CF7DE2FF-EE17-415F-AD9E-C87A5CF4C538}.Release|x64.ActiveCfg = Release|x64
		{CF7DE2FF-EE17-415F-AD9E-C87A5CF4C538}.Release|x64.Build.0 = Release|x64
		{CF7DE2FF-EE17-415F-AD9E-C87A5CF4C538}.Release|x86.ActiveCfg = Release|Win32
		{CF7DE2FF-EE17-415F-AD9E-C87A5CF4C538}.Release|x86.Build.0 = Release|Win32
	EndGlobalSection
	GlobalSection(SolutionProperties) = preSolution
		HideSolutionNode = FALSE
	EndGlobalSection
	GlobalSection(ExtensibilityGlobals) = postSolution
		SolutionGuid = {9277D1E0-FB26-4933-8217-B7DA9405F676}
	EndGlobalSection
EndGlobal
